
Microsoft Visual Studio Solution File, Format Version 12.00
# Visual Studio 15
VisualStudioVersion = 15.0.27428.2015
MinimumVisualStudioVersion = 10.0.40219.1
Project("{FAE04EC0-301F-11D3-BF4B-00C04F79EFBC}") = "Task6", "Task6\Task6.csproj", "{32B1BB85-5083-43C6-953D-26292E0E636C}"
EndProject
Global
	GlobalSection(SolutionConfigurationPlatforms) = preSolution
		Debug|Any CPU = Debug|Any CPU
		Release|Any CPU = Release|Any CPU
	EndGlobalSection
	GlobalSection(ProjectConfigurationPlatforms) = postSolution
		{32B1BB85-5083-43C6-953D-26292E0E636C}.Debug|Any CPU.ActiveCfg = Debug|Any CPU
		{32B1BB85-5083-43C6-953D-26292E0E636C}.Debug|Any CPU.Build.0 = Debug|Any CPU
		{32B1BB85-5083-43C6-953D-26292E0E636C}.Release|Any CPU.ActiveCfg = Release|Any CPU
		{32B1BB85-5083-43C6-953D-26292E0E636C}.Release|Any CPU.Build.0 = Release|Any CPU
	EndGlobalSection
	GlobalSection(SolutionProperties) = preSolution
		HideSolutionNode = FALSE
	EndGlobalSection
	GlobalSection(ExtensibilityGlobals) = postSolution
		SolutionGuid = {2DF48198-F6CB-4569-AFEF-F5DEBE245EE4}
	EndGlobalSection
EndGlobal
