
Microsoft Visual Studio Solution File, Format Version 12.00
# Visual Studio 15
VisualStudioVersion = 15.0.27703.2026
MinimumVisualStudioVersion = 10.0.40219.1
Project("{FAE04EC0-301F-11D3-BF4B-00C04F79EFBC}") = "Task7", "Task7\Task7.csproj", "{78AA4EC4-B35A-4ADF-B23A-691EBDE11E4D}"
EndProject
Global
	GlobalSection(SolutionConfigurationPlatforms) = preSolution
		Debug|Any CPU = Debug|Any CPU
		Release|Any CPU = Release|Any CPU
	EndGlobalSection
	GlobalSection(ProjectConfigurationPlatforms) = postSolution
		{78AA4EC4-B35A-4ADF-B23A-691EBDE11E4D}.Debug|Any CPU.ActiveCfg = Debug|Any CPU
		{78AA4EC4-B35A-4ADF-B23A-691EBDE11E4D}.Debug|Any CPU.Build.0 = Debug|Any CPU
		{78AA4EC4-B35A-4ADF-B23A-691EBDE11E4D}.Release|Any CPU.ActiveCfg = Release|Any CPU
		{78AA4EC4-B35A-4ADF-B23A-691EBDE11E4D}.Release|Any CPU.Build.0 = Release|Any CPU
	EndGlobalSection
	GlobalSection(SolutionProperties) = preSolution
		HideSolutionNode = FALSE
	EndGlobalSection
	GlobalSection(ExtensibilityGlobals) = postSolution
		SolutionGuid = {22C18FE9-BCAD-405A-94A4-941DC297AD20}
	EndGlobalSection
EndGlobal
